// !$*UTF8*$!
{
	archiveVersion = 1;
	classes = {
	};
	objectVersion = 46;
	objects = {

/* Begin PBXBuildFile section */
		CCBC33C91D3B9A7700959EA2 /* AppDelegate.swift in Sources */ = {isa = PBXBuildFile; fileRef = CCBC33C81D3B9A7700959EA2 /* AppDelegate.swift */; };
		CCBC33CB1D3B9A7700959EA2 /* ViewController.swift in Sources */ = {isa = PBXBuildFile; fileRef = CCBC33CA1D3B9A7700959EA2 /* ViewController.swift */; };
		CCBC33CE1D3B9A7700959EA2 /* Main.storyboard in Resources */ = {isa = PBXBuildFile; fileRef = CCBC33CC1D3B9A7700959EA2 /* Main.storyboard */; };
		CCBC33D01D3B9A7700959EA2 /* Assets.xcassets in Resources */ = {isa = PBXBuildFile; fileRef = CCBC33CF1D3B9A7700959EA2 /* Assets.xcassets */; };
		CCBC33D31D3B9A7700959EA2 /* LaunchScreen.storyboard in Resources */ = {isa = PBXBuildFile; fileRef = CCBC33D11D3B9A7700959EA2 /* LaunchScreen.storyboard */; };
		CCBC33DC1D3B9A9F00959EA2 /* DataModel.xcdatamodeld in Sources */ = {isa = PBXBuildFile; fileRef = CCBC33DA1D3B9A9F00959EA2 /* DataModel.xcdatamodeld */; };
		CCBC33DE1D3B9B8D00959EA2 /* CoreDataManager.swift in Sources */ = {isa = PBXBuildFile; fileRef = CCBC33DD1D3B9B8D00959EA2 /* CoreDataManager.swift */; };
/* End PBXBuildFile section */

/* Begin PBXFileReference section */
		CCBC33C51D3B9A7700959EA2 /* CoreDataStack.app */ = {isa = PBXFileReference; explicitFileType = wrapper.application; includeInIndex = 0; path = CoreDataStack.app; sourceTree = BUILT_PRODUCTS_DIR; };
		CCBC33C81D3B9A7700959EA2 /* AppDelegate.swift */ = {isa = PBXFileReference; lastKnownFileType = sourcecode.swift; path = AppDelegate.swift; sourceTree = "<group>"; };
		CCBC33CA1D3B9A7700959EA2 /* ViewController.swift */ = {isa = PBXFileReference; lastKnownFileType = sourcecode.swift; path = ViewController.swift; sourceTree = "<group>"; };
		CCBC33CD1D3B9A7700959EA2 /* Base */ = {isa = PBXFileReference; lastKnownFileType = file.storyboard; name = Base; path = Base.lproj/Main.storyboard; sourceTree = "<group>"; };
		CCBC33CF1D3B9A7700959EA2 /* Assets.xcassets */ = {isa = PBXFileReference; lastKnownFileType = folder.assetcatalog; path = Assets.xcassets; sourceTree = "<group>"; };
		CCBC33D21D3B9A7700959EA2 /* Base */ = {isa = PBXFileReference; lastKnownFileType = file.storyboard; name = Base; path = Base.lproj/LaunchScreen.storyboard; sourceTree = "<group>"; };
		CCBC33D41D3B9A7700959EA2 /* Info.plist */ = {isa = PBXFileReference; lastKnownFileType = text.plist.xml; path = Info.plist; sourceTree = "<group>"; };
		CCBC33DB1D3B9A9F00959EA2 /* DataModel.xcdatamodel */ = {isa = PBXFileReference; lastKnownFileType = wrapper.xcdatamodel; path = DataModel.xcdatamodel; sourceTree = "<group>"; };
		CCBC33DD1D3B9B8D00959EA2 /* CoreDataManager.swift */ = {isa = PBXFileReference; fileEncoding = 4; lastKnownFileType = sourcecode.swift; path = CoreDataManager.swift; sourceTree = "<group>"; };
/* End PBXFileReference section */

/* Begin PBXFrameworksBuildPhase section */
		CCBC33C21D3B9A7700959EA2 /* Frameworks */ = {
			isa = PBXFrameworksBuildPhase;
			buildActionMask = 2147483647;
			files = (
			);
			runOnlyForDeploymentPostprocessing = 0;
		};
/* End PBXFrameworksBuildPhase section */

/* Begin PBXGroup section */
		CCBC33BC1D3B9A7700959EA2 = {
			isa = PBXGroup;
			children = (
				CCBC33C71D3B9A7700959EA2 /* CoreDataStack */,
				CCBC33C61D3B9A7700959EA2 /* Products */,
			);
			sourceTree = "<group>";
		};
		CCBC33C61D3B9A7700959EA2 /* Products */ = {
			isa = PBXGroup;
			children = (
				CCBC33C51D3B9A7700959EA2 /* CoreDataStack.app */,
			);
			name = Products;
			sourceTree = "<group>";
		};
		CCBC33C71D3B9A7700959EA2 /* CoreDataStack */ = {
			isa = PBXGroup;
			children = (
				CCBC33C81D3B9A7700959EA2 /* AppDelegate.swift */,
				CCBC33CA1D3B9A7700959EA2 /* ViewController.swift */,
				CCBC33DD1D3B9B8D00959EA2 /* CoreDataManager.swift */,
				CCBC33CC1D3B9A7700959EA2 /* Main.storyboard */,
				CCBC33CF1D3B9A7700959EA2 /* Assets.xcassets */,
				CCBC33D11D3B9A7700959EA2 /* LaunchScreen.storyboard */,
				CCBC33D41D3B9A7700959EA2 /* Info.plist */,
				CCBC33DA1D3B9A9F00959EA2 /* DataModel.xcdatamodeld */,
			);
			path = CoreDataStack;
			sourceTree = "<group>";
		};
/* End PBXGroup section */

/* Begin PBXNativeTarget section */
		CCBC33C41D3B9A7700959EA2 /* CoreDataStack */ = {
			isa = PBXNativeTarget;
			buildConfigurationList = CCBC33D71D3B9A7700959EA2 /* Build configuration list for PBXNativeTarget "CoreDataStack" */;
			buildPhases = (
				CCBC33C11D3B9A7700959EA2 /* Sources */,
				CCBC33C21D3B9A7700959EA2 /* Frameworks */,
				CCBC33C31D3B9A7700959EA2 /* Resources */,
			);
			buildRules = (
			);
			dependencies = (
			);
			name = CoreDataStack;
			productName = CoreDataStack;
			productReference = CCBC33C51D3B9A7700959EA2 /* CoreDataStack.app */;
			productType = "com.apple.product-type.application";
		};
/* End PBXNativeTarget section */

/* Begin PBXProject section */
		CCBC33BD1D3B9A7700959EA2 /* Project object */ = {
			isa = PBXProject;
			attributes = {
				LastSwiftUpdateCheck = 0730;
				LastUpgradeCheck = 0730;
				ORGANIZATIONNAME = Cocoacasts;
				TargetAttributes = {
					CCBC33C41D3B9A7700959EA2 = {
						CreatedOnToolsVersion = 7.3.1;
					};
				};
			};
			buildConfigurationList = CCBC33C01D3B9A7700959EA2 /* Build configuration list for PBXProject "CoreDataStack" */;
			compatibilityVersion = "Xcode 3.2";
			developmentRegion = English;
			hasScannedForEncodings = 0;
			knownRegions = (
				en,
				Base,
			);
			mainGroup = CCBC33BC1D3B9A7700959EA2;
			productRefGroup = CCBC33C61D3B9A7700959EA2 /* Products */;
			projectDirPath = "";
			projectRoot = "";
			targets = (
				CCBC33C41D3B9A7700959EA2 /* CoreDataStack */,
			);
		};
/* End PBXProject section */

/* Begin PBXResourcesBuildPhase section */
		CCBC33C31D3B9A7700959EA2 /* Resources */ = {
			isa = PBXResourcesBuildPhase;
			buildActionMask = 2147483647;
			files = (
				CCBC33D31D3B9A7700959EA2 /* LaunchScreen.storyboard in Resources */,
				CCBC33D01D3B9A7700959EA2 /* Assets.xcassets in Resources */,
				CCBC33CE1D3B9A7700959EA2 /* Main.storyboard in Resources */,
			);
			runOnlyForDeploymentPostprocessing = 0;
		};
/* End PBXResourcesBuildPhase section */

/* Begin PBXSourcesBuildPhase section */
		CCBC33C11D3B9A7700959EA2 /* Sources */ = {
			isa = PBXSourcesBuildPhase;
			buildActionMask = 2147483647;
			files = (
				CCBC33DC1D3B9A9F00959EA2 /* DataModel.xcdatamodeld in Sources */,
				CCBC33CB1D3B9A7700959EA2 /* ViewController.swift in Sources */,
				CCBC33DE1D3B9B8D00959EA2 /* CoreDataManager.swift in Sources */,
				CCBC33C91D3B9A7700959EA2 /* AppDelegate.swift in Sources */,
			);
			runOnlyForDeploymentPostprocessing = 0;
		};
/* End PBXSourcesBuildPhase section */

/* Begin PBXVariantGroup section */
		CCBC33CC1D3B9A7700959EA2 /* Main.storyboard */ = {
			isa = PBXVariantGroup;
			children = (
				CCBC33CD1D3B9A7700959EA2 /* Base */,
			);
			name = Main.storyboard;
			sourceTree = "<group>";
		};
		CCBC33D11D3B9A7700959EA2 /* LaunchScreen.storyboard */ = {
			isa = PBXVariantGroup;
			children = (
				CCBC33D21D3B9A7700959EA2 /* Base */,
			);
			name = LaunchScreen.storyboard;
			sourceTree = "<group>";
		};
/* End PBXVariantGroup section */

/* Begin XCBuildConfiguration section */
		CCBC33D51D3B9A7700959EA2 /* Debug */ = {
			isa = XCBuildConfiguration;
			buildSettings = {
				ALWAYS_SEARCH_USER_PATHS = NO;
				CLANG_ANALYZER_NONNULL = YES;
				CLANG_CXX_LANGUAGE_STANDARD = "gnu++0x";
				CLANG_CXX_LIBRARY = "libc++";
				CLANG_ENABLE_MODULES = YES;
				CLANG_ENABLE_OBJC_ARC = YES;
				CLANG_WARN_BOOL_CONVERSION = YES;
				CLANG_WARN_CONSTANT_CONVERSION = YES;
				CLANG_WARN_DIRECT_OBJC_ISA_USAGE = YES_ERROR;
				CLANG_WARN_EMPTY_BODY = YES;
				CLANG_WARN_ENUM_CONVERSION = YES;
				CLANG_WARN_INT_CONVERSION = YES;
				CLANG_WARN_OBJC_ROOT_CLASS = YES_ERROR;
				CLANG_WARN_UNREACHABLE_CODE = YES;
				CLANG_WARN__DUPLICATE_METHOD_MATCH = YES;
				"CODE_SIGN_IDENTITY[sdk=iphoneos*]" = "iPhone Developer";
				COPY_PHASE_STRIP = NO;
				DEBUG_INFORMATION_FORMAT = dwarf;
				ENABLE_STRICT_OBJC_MSGSEND = YES;
				ENABLE_TESTABILITY = YES;
				GCC_C_LANGUAGE_STANDARD = gnu99;
				GCC_DYNAMIC_NO_PIC = NO;
				GCC_NO_COMMON_BLOCKS = YES;
				GCC_OPTIMIZATION_LEVEL = 0;
				GCC_PREPROCESSOR_DEFINITIONS = (
					"DEBUG=1",
					"$(inherited)",
				);
				GCC_WARN_64_TO_32_BIT_CONVERSION = YES;
				GCC_WARN_ABOUT_RETURN_TYPE = YES_ERROR;
				GCC_WARN_UNDECLARED_SELECTOR = YES;
				GCC_WARN_UNINITIALIZED_AUTOS = YES_AGGRESSIVE;
				GCC_WARN_UNUSED_FUNCTION = YES;
				GCC_WARN_UNUSED_VARIABLE = YES;
				IPHONEOS_DEPLOYMENT_TARGET = 9.3;
				MTL_ENABLE_DEBUG_INFO = YES;
				ONLY_ACTIVE_ARCH = YES;
				SDKROOT = iphoneos;
				SWIFT_OPTIMIZATION_LEVEL = "-Onone";
				TARGETED_DEVICE_FAMILY = "1,2";
			};
			name = Debug;
		};
		CCBC33D61D3B9A7700959EA2 /* Release */ = {
			isa = XCBuildConfiguration;
			buildSettings = {
				ALWAYS_SEARCH_USER_PATHS = NO;
				CLANG_ANALYZER_NONNULL = YES;
				CLANG_CXX_LANGUAGE_STANDARD = "gnu++0x";
				CLANG_CXX_LIBRARY = "libc++";
				CLANG_ENABLE_MODULES = YES;
				CLANG_ENABLE_OBJC_ARC = YES;
				CLANG_WARN_BOOL_CONVERSION = YES;
				CLANG_WARN_CONSTANT_CONVERSION = YES;
				CLANG_WARN_DIRECT_OBJC_ISA_USAGE = YES_ERROR;
				CLANG_WARN_EMPTY_BODY = YES;
				CLANG_WARN_ENUM_CONVERSION = YES;
				CLANG_WARN_INT_CONVERSION = YES;
				CLANG_WARN_OBJC_ROOT_CLASS = YES_ERROR;
				CLANG_WARN_UNREACHABLE_CODE = YES;
				CLANG_WARN__DUPLICATE_METHOD_MATCH = YES;
				"CODE_SIGN_IDENTITY[sdk=iphoneos*]" = "iPhone Developer";
				COPY_PHASE_STRIP = NO;
				DEBUG_INFORMATION_FORMAT = "dwarf-with-dsym";
				ENABLE_NS_ASSERTIONS = NO;
				ENABLE_STRICT_OBJC_MSGSEND = YES;
				GCC_C_LANGUAGE_STANDARD = gnu99;
				GCC_NO_COMMON_BLOCKS = YES;
				GCC_WARN_64_TO_32_BIT_CONVERSION = YES;
				GCC_WARN_ABOUT_RETURN_TYPE = YES_ERROR;
				GCC_WARN_UNDECLARED_SELECTOR = YES;
				GCC_WARN_UNINITIALIZED_AUTOS = YES_AGGRESSIVE;
				GCC_WARN_UNUSED_FUNCTION = YES;
				GCC_WARN_UNUSED_VARIABLE = YES;
				IPHONEOS_DEPLOYMENT_TARGET = 9.3;
				MTL_ENABLE_DEBUG_INFO = NO;
				SDKROOT = iphoneos;
				TARGETED_DEVICE_FAMILY = "1,2";
				VALIDATE_PRODUCT = YES;
			};
			name = Release;
		};
		CCBC33D81D3B9A7700959EA2 /* Debug */ = {
			isa = XCBuildConfiguration;
			buildSettings = {
				ASSETCATALOG_COMPILER_APPICON_NAME = AppIcon;
				INFOPLIST_FILE = CoreDataStack/Info.plist;
				LD_RUNPATH_SEARCH_PATHS = "$(inherited) @executable_path/Frameworks";
				PRODUCT_BUNDLE_IDENTIFIER = com.cocoacasts.CoreDataStack;
				PRODUCT_NAME = "$(TARGET_NAME)";
			};
			name = Debug;
		};
		CCBC33D91D3B9A7700959EA2 /* Release */ = {
			isa = XCBuildConfiguration;
			buildSettings = {
				ASSETCATALOG_COMPILER_APPICON_NAME = AppIcon;
				INFOPLIST_FILE = CoreDataStack/Info.plist;
				LD_RUNPATH_SEARCH_PATHS = "$(inherited) @executable_path/Frameworks";
				PRODUCT_BUNDLE_IDENTIFIER = com.cocoacasts.CoreDataStack;
				PRODUCT_NAME = "$(TARGET_NAME)";
			};
			name = Release;
		};
/* End XCBuildConfiguration section */

/* Begin XCConfigurationList section */
		CCBC33C01D3B9A7700959EA2 /* Build configuration list for PBXProject "CoreDataStack" */ = {
			isa = XCConfigurationList;
			buildConfigurations = (
				CCBC33D51D3B9A7700959EA2 /* Debug */,
				CCBC33D61D3B9A7700959EA2 /* Release */,
			);
			defaultConfigurationIsVisible = 0;
			defaultConfigurationName = Release;
		};
		CCBC33D71D3B9A7700959EA2 /* Build configuration list for PBXNativeTarget "CoreDataStack" */ = {
			isa = XCConfigurationList;
			buildConfigurations = (
				CCBC33D81D3B9A7700959EA2 /* Debug */,
				CCBC33D91D3B9A7700959EA2 /* Release */,
			);
			defaultConfigurationIsVisible = 0;
		};
/* End XCConfigurationList section */

/* Begin XCVersionGroup section */
		CCBC33DA1D3B9A9F00959EA2 /* DataModel.xcdatamodeld */ = {
			isa = XCVersionGroup;
			children = (
				CCBC33DB1D3B9A9F00959EA2 /* DataModel.xcdatamodel */,
			);
			currentVersion = CCBC33DB1D3B9A9F00959EA2 /* DataModel.xcdatamodel */;
			path = DataModel.xcdatamodeld;
			sourceTree = "<group>";
			versionGroupType = wrapper.xcdatamodel;
		};
/* End XCVersionGroup section */
	};
	rootObject = CCBC33BD1D3B9A7700959EA2 /* Project object */;
}
